<?xml version="1.0" encoding="utf-8"?>
<Project ToolsVersion="15.0" xmlns="http://schemas.microsoft.com/developer/msbuild/2003">
  <ItemGroup>
    <ClCompile Include="C:\Users\summer\Desktop\master\Lab10.Lighting\main.cpp">
      <Filter>Source Files</Filter>
    </ClCompile>
  </ItemGroup>
  <ItemGroup>
    <ClInclude Include="C:\Users\summer\Desktop\master\Lab10.Lighting\data.h">
      <Filter>Header Files</Filter>
    </ClInclude>
    <ClInclude Include="C:\Users\summer\Desktop\master\Lab10.Lighting\dxtools.hpp">
      <Filter>Header Files</Filter>
    </ClInclude>
    <ClInclude Include="C:\Users\summer\Desktop\master\Lab10.Lighting\lighting.hpp">
      <Filter>Header Files</Filter>
    </ClInclude>
  </ItemGroup>
  <ItemGroup>
    <CustomBuild Include="C:\Users\summer\Desktop\master\Lab10.Lighting\CMakeLists.txt" />
  </ItemGroup>
  <ItemGroup>
    <None Include="C:\Users\summer\Desktop\master\Lab10.Lighting\shaders.hlsl" />
  </ItemGroup>
  <ItemGroup>
    <Filter Include="Header Files">
      <UniqueIdentifier>{FC7A2923-7E66-3FF9-97D0-94A6F2BD1E3F}</UniqueIdentifier>
    </Filter>
    <Filter Include="Source Files">
      <UniqueIdentifier>{ED2BD1E7-30C7-3239-9691-AE7DE3CBD877}</UniqueIdentifier>
    </Filter>
  </ItemGroup>
</Project>
